// !$*UTF8*$!
{
	archiveVersion = 1;
	classes = {
	};
	objectVersion = 55;
	objects = {

/* Begin PBXBuildFile section */
		869CA108255401845D4D71A9 /* Pods_ExtensionOrder.framework in Frameworks */ = {isa = PBXBuildFile; fileRef = 48A65232A011FEA4275460F5 /* Pods_ExtensionOrder.framework */; };
		FD48CB1B28D9224200D0CAA4 /* AppDelegate.swift in Sources */ = {isa = PBXBuildFile; fileRef = FD48CB1A28D9224200D0CAA4 /* AppDelegate.swift */; };
		FD48CB1D28D9224200D0CAA4 /* SceneDelegate.swift in Sources */ = {isa = PBXBuildFile; fileRef = FD48CB1C28D9224200D0CAA4 /* SceneDelegate.swift */; };
		FD48CB1F28D9224200D0CAA4 /* ViewController.swift in Sources */ = {isa = PBXBuildFile; fileRef = FD48CB1E28D9224200D0CAA4 /* ViewController.swift */; };
		FD48CB2228D9224200D0CAA4 /* Main.storyboard in Resources */ = {isa = PBXBuildFile; fileRef = FD48CB2028D9224200D0CAA4 /* Main.storyboard */; };
		FD48CB2428D9224400D0CAA4 /* Assets.xcassets in Resources */ = {isa = PBXBuildFile; fileRef = FD48CB2328D9224400D0CAA4 /* Assets.xcassets */; };
		FD48CB2728D9224400D0CAA4 /* LaunchScreen.storyboard in Resources */ = {isa = PBXBuildFile; fileRef = FD48CB2528D9224400D0CAA4 /* LaunchScreen.storyboard */; };
		FD48CB4A28D93CAF00D0CAA4 /* PersonViewController.m in Sources */ = {isa = PBXBuildFile; fileRef = FD48CB4928D93CAF00D0CAA4 /* PersonViewController.m */; };
/* End PBXBuildFile section */

/* Begin PBXFileReference section */
		1AB6D7093CEDEC45CA780221 /* Pods-ExtensionOrder.release.xcconfig */ = {isa = PBXFileReference; includeInIndex = 1; lastKnownFileType = text.xcconfig; name = "Pods-ExtensionOrder.release.xcconfig"; path = "Target Support Files/Pods-ExtensionOrder/Pods-ExtensionOrder.release.xcconfig"; sourceTree = "<group>"; };
		48A65232A011FEA4275460F5 /* Pods_ExtensionOrder.framework */ = {isa = PBXFileReference; explicitFileType = wrapper.framework; includeInIndex = 0; path = Pods_ExtensionOrder.framework; sourceTree = BUILT_PRODUCTS_DIR; };
		9FD59425A1FC4EEB5AC52444 /* Pods-ExtensionOrder.debug.xcconfig */ = {isa = PBXFileReference; includeInIndex = 1; lastKnownFileType = text.xcconfig; name = "Pods-ExtensionOrder.debug.xcconfig"; path = "Target Support Files/Pods-ExtensionOrder/Pods-ExtensionOrder.debug.xcconfig"; sourceTree = "<group>"; };
		FD48CB1728D9224200D0CAA4 /* ExtensionOrder.app */ = {isa = PBXFileReference; explicitFileType = wrapper.application; includeInIndex = 0; path = ExtensionOrder.app; sourceTree = BUILT_PRODUCTS_DIR; };
		FD48CB1A28D9224200D0CAA4 /* AppDelegate.swift */ = {isa = PBXFileReference; lastKnownFileType = sourcecode.swift; path = AppDelegate.swift; sourceTree = "<group>"; };
		FD48CB1C28D9224200D0CAA4 /* SceneDelegate.swift */ = {isa = PBXFileReference; lastKnownFileType = sourcecode.swift; path = SceneDelegate.swift; sourceTree = "<group>"; };
		FD48CB1E28D9224200D0CAA4 /* ViewController.swift */ = {isa = PBXFileReference; lastKnownFileType = sourcecode.swift; path = ViewController.swift; sourceTree = "<group>"; };
		FD48CB2128D9224200D0CAA4 /* Base */ = {isa = PBXFileReference; lastKnownFileType = file.storyboard; name = Base; path = Base.lproj/Main.storyboard; sourceTree = "<group>"; };
		FD48CB2328D9224400D0CAA4 /* Assets.xcassets */ = {isa = PBXFileReference; lastKnownFileType = folder.assetcatalog; path = Assets.xcassets; sourceTree = "<group>"; };
		FD48CB2628D9224400D0CAA4 /* Base */ = {isa = PBXFileReference; lastKnownFileType = file.storyboard; name = Base; path = Base.lproj/LaunchScreen.storyboard; sourceTree = "<group>"; };
		FD48CB2828D9224400D0CAA4 /* Info.plist */ = {isa = PBXFileReference; lastKnownFileType = text.plist.xml; path = Info.plist; sourceTree = "<group>"; };
		FD48CB3728D9306700D0CAA4 /* ExtensionOrder-Bridging-Header.h */ = {isa = PBXFileReference; lastKnownFileType = sourcecode.c.h; path = "ExtensionOrder-Bridging-Header.h"; sourceTree = "<group>"; };
		FD48CB4828D93CAF00D0CAA4 /* PersonViewController.h */ = {isa = PBXFileReference; fileEncoding = 4; lastKnownFileType = sourcecode.c.h; path = PersonViewController.h; sourceTree = "<group>"; };
		FD48CB4928D93CAF00D0CAA4 /* PersonViewController.m */ = {isa = PBXFileReference; fileEncoding = 4; lastKnownFileType = sourcecode.c.objc; path = PersonViewController.m; sourceTree = "<group>"; };
/* End PBXFileReference section */

/* Begin PBXFrameworksBuildPhase section */
		FD48CB1428D9224200D0CAA4 /* Frameworks */ = {
			isa = PBXFrameworksBuildPhase;
			buildActionMask = 2147483647;
			files = (
				869CA108255401845D4D71A9 /* Pods_ExtensionOrder.framework in Frameworks */,
			);
			runOnlyForDeploymentPostprocessing = 0;
		};
/* End PBXFrameworksBuildPhase section */

/* Begin PBXGroup section */
		A7F04F8AE9364199634A1D84 /* Pods */ = {
			isa = PBXGroup;
			children = (
				9FD59425A1FC4EEB5AC52444 /* Pods-ExtensionOrder.debug.xcconfig */,
				1AB6D7093CEDEC45CA780221 /* Pods-ExtensionOrder.release.xcconfig */,
			);
			path = Pods;
			sourceTree = "<group>";
		};
		FD48CB0E28D9224200D0CAA4 = {
			isa = PBXGroup;
			children = (
				FD48CB1928D9224200D0CAA4 /* ExtensionOrder */,
				FD48CB1828D9224200D0CAA4 /* Products */,
				FD48CB3228D9236000D0CAA4 /* Frameworks */,
				A7F04F8AE9364199634A1D84 /* Pods */,
			);
			sourceTree = "<group>";
		};
		FD48CB1828D9224200D0CAA4 /* Products */ = {
			isa = PBXGroup;
			children = (
				FD48CB1728D9224200D0CAA4 /* ExtensionOrder.app */,
			);
			name = Products;
			sourceTree = "<group>";
		};
		FD48CB1928D9224200D0CAA4 /* ExtensionOrder */ = {
			isa = PBXGroup;
			children = (
				FD48CB4728D93C9900D0CAA4 /* ExLocal */,
				FD48CB1A28D9224200D0CAA4 /* AppDelegate.swift */,
				FD48CB1C28D9224200D0CAA4 /* SceneDelegate.swift */,
				FD48CB1E28D9224200D0CAA4 /* ViewController.swift */,
				FD48CB2028D9224200D0CAA4 /* Main.storyboard */,
				FD48CB2328D9224400D0CAA4 /* Assets.xcassets */,
				FD48CB2528D9224400D0CAA4 /* LaunchScreen.storyboard */,
				FD48CB2828D9224400D0CAA4 /* Info.plist */,
				FD48CB3728D9306700D0CAA4 /* ExtensionOrder-Bridging-Header.h */,
			);
			path = ExtensionOrder;
			sourceTree = "<group>";
		};
		FD48CB3228D9236000D0CAA4 /* Frameworks */ = {
			isa = PBXGroup;
			children = (
				48A65232A011FEA4275460F5 /* Pods_ExtensionOrder.framework */,
			);
			name = Frameworks;
			sourceTree = "<group>";
		};
		FD48CB4728D93C9900D0CAA4 /* ExLocal */ = {
			isa = PBXGroup;
			children = (
				FD48CB4828D93CAF00D0CAA4 /* PersonViewController.h */,
				FD48CB4928D93CAF00D0CAA4 /* PersonViewController.m */,
			);
			path = ExLocal;
			sourceTree = "<group>";
		};
/* End PBXGroup section */

/* Begin PBXNativeTarget section */
		FD48CB1628D9224200D0CAA4 /* ExtensionOrder */ = {
			isa = PBXNativeTarget;
			buildConfigurationList = FD48CB2B28D9224400D0CAA4 /* Build configuration list for PBXNativeTarget "ExtensionOrder" */;
			buildPhases = (
				940D24A6658E4046E102A034 /* [CP] Check Pods Manifest.lock */,
				FD48CB1328D9224200D0CAA4 /* Sources */,
				FD48CB1428D9224200D0CAA4 /* Frameworks */,
				FD48CB1528D9224200D0CAA4 /* Resources */,
				EAAA58802E127134B8B162A7 /* [CP] Embed Pods Frameworks */,
			);
			buildRules = (
			);
			dependencies = (
			);
			name = ExtensionOrder;
			productName = ExtensionOrder;
			productReference = FD48CB1728D9224200D0CAA4 /* ExtensionOrder.app */;
			productType = "com.apple.product-type.application";
		};
/* End PBXNativeTarget section */

/* Begin PBXProject section */
		FD48CB0F28D9224200D0CAA4 /* Project object */ = {
			isa = PBXProject;
			attributes = {
				BuildIndependentTargetsInParallel = 1;
				LastSwiftUpdateCheck = 1340;
				LastUpgradeCheck = 1340;
				TargetAttributes = {
					FD48CB1628D9224200D0CAA4 = {
						CreatedOnToolsVersion = 13.4.1;
						LastSwiftMigration = 1340;
					};
				};
			};
			buildConfigurationList = FD48CB1228D9224200D0CAA4 /* Build configuration list for PBXProject "ExtensionOrder" */;
			compatibilityVersion = "Xcode 13.0";
			developmentRegion = en;
			hasScannedForEncodings = 0;
			knownRegions = (
				en,
				Base,
			);
			mainGroup = FD48CB0E28D9224200D0CAA4;
			productRefGroup = FD48CB1828D9224200D0CAA4 /* Products */;
			projectDirPath = "";
			projectRoot = "";
			targets = (
				FD48CB1628D9224200D0CAA4 /* ExtensionOrder */,
			);
		};
/* End PBXProject section */

/* Begin PBXResourcesBuildPhase section */
		FD48CB1528D9224200D0CAA4 /* Resources */ = {
			isa = PBXResourcesBuildPhase;
			buildActionMask = 2147483647;
			files = (
				FD48CB2728D9224400D0CAA4 /* LaunchScreen.storyboard in Resources */,
				FD48CB2428D9224400D0CAA4 /* Assets.xcassets in Resources */,
				FD48CB2228D9224200D0CAA4 /* Main.storyboard in Resources */,
			);
			runOnlyForDeploymentPostprocessing = 0;
		};
/* End PBXResourcesBuildPhase section */

/* Begin PBXShellScriptBuildPhase section */
		940D24A6658E4046E102A034 /* [CP] Check Pods Manifest.lock */ = {
			isa = PBXShellScriptBuildPhase;
			buildActionMask = 2147483647;
			files = (
			);
			inputFileListPaths = (
			);
			inputPaths = (
				"${PODS_PODFILE_DIR_PATH}/Podfile.lock",
				"${PODS_ROOT}/Manifest.lock",
			);
			name = "[CP] Check Pods Manifest.lock";
			outputFileListPaths = (
			);
			outputPaths = (
				"$(DERIVED_FILE_DIR)/Pods-ExtensionOrder-checkManifestLockResult.txt",
			);
			runOnlyForDeploymentPostprocessing = 0;
			shellPath = /bin/sh;
			shellScript = "diff \"${PODS_PODFILE_DIR_PATH}/Podfile.lock\" \"${PODS_ROOT}/Manifest.lock\" > /dev/null\nif [ $? != 0 ] ; then\n    # print error to STDERR\n    echo \"error: The sandbox is not in sync with the Podfile.lock. Run 'pod install' or update your CocoaPods installation.\" >&2\n    exit 1\nfi\n# This output is used by Xcode 'outputs' to avoid re-running this script phase.\necho \"SUCCESS\" > \"${SCRIPT_OUTPUT_FILE_0}\"\n";
			showEnvVarsInLog = 0;
		};
		EAAA58802E127134B8B162A7 /* [CP] Embed Pods Frameworks */ = {
			isa = PBXShellScriptBuildPhase;
			buildActionMask = 2147483647;
			files = (
			);
			inputFileListPaths = (
				"${PODS_ROOT}/Target Support Files/Pods-ExtensionOrder/Pods-ExtensionOrder-frameworks-${CONFIGURATION}-input-files.xcfilelist",
			);
			name = "[CP] Embed Pods Frameworks";
			outputFileListPaths = (
				"${PODS_ROOT}/Target Support Files/Pods-ExtensionOrder/Pods-ExtensionOrder-frameworks-${CONFIGURATION}-output-files.xcfilelist",
			);
			runOnlyForDeploymentPostprocessing = 0;
			shellPath = /bin/sh;
			shellScript = "\"${PODS_ROOT}/Target Support Files/Pods-ExtensionOrder/Pods-ExtensionOrder-frameworks.sh\"\n";
			showEnvVarsInLog = 0;
		};
/* End PBXShellScriptBuildPhase section */

/* Begin PBXSourcesBuildPhase section */
		FD48CB1328D9224200D0CAA4 /* Sources */ = {
			isa = PBXSourcesBuildPhase;
			buildActionMask = 2147483647;
			files = (
				FD48CB1F28D9224200D0CAA4 /* ViewController.swift in Sources */,
				FD48CB1B28D9224200D0CAA4 /* AppDelegate.swift in Sources */,
				FD48CB1D28D9224200D0CAA4 /* SceneDelegate.swift in Sources */,
				FD48CB4A28D93CAF00D0CAA4 /* PersonViewController.m in Sources */,
			);
			runOnlyForDeploymentPostprocessing = 0;
		};
/* End PBXSourcesBuildPhase section */

/* Begin PBXVariantGroup section */
		FD48CB2028D9224200D0CAA4 /* Main.storyboard */ = {
			isa = PBXVariantGroup;
			children = (
				FD48CB2128D9224200D0CAA4 /* Base */,
			);
			name = Main.storyboard;
			sourceTree = "<group>";
		};
		FD48CB2528D9224400D0CAA4 /* LaunchScreen.storyboard */ = {
			isa = PBXVariantGroup;
			children = (
				FD48CB2628D9224400D0CAA4 /* Base */,
			);
			name = LaunchScreen.storyboard;
			sourceTree = "<group>";
		};
/* End PBXVariantGroup section */

/* Begin XCBuildConfiguration section */
		FD48CB2928D9224400D0CAA4 /* Debug */ = {
			isa = XCBuildConfiguration;
			buildSettings = {
				ALWAYS_SEARCH_USER_PATHS = NO;
				CLANG_ANALYZER_NONNULL = YES;
				CLANG_ANALYZER_NUMBER_OBJECT_CONVERSION = YES_AGGRESSIVE;
				CLANG_CXX_LANGUAGE_STANDARD = "gnu++17";
				CLANG_ENABLE_MODULES = YES;
				CLANG_ENABLE_OBJC_ARC = YES;
				CLANG_ENABLE_OBJC_WEAK = YES;
				CLANG_WARN_BLOCK_CAPTURE_AUTORELEASING = YES;
				CLANG_WARN_BOOL_CONVERSION = YES;
				CLANG_WARN_COMMA = YES;
				CLANG_WARN_CONSTANT_CONVERSION = YES;
				CLANG_WARN_DEPRECATED_OBJC_IMPLEMENTATIONS = YES;
				CLANG_WARN_DIRECT_OBJC_ISA_USAGE = YES_ERROR;
				CLANG_WARN_DOCUMENTATION_COMMENTS = YES;
				CLANG_WARN_EMPTY_BODY = YES;
				CLANG_WARN_ENUM_CONVERSION = YES;
				CLANG_WARN_INFINITE_RECURSION = YES;
				CLANG_WARN_INT_CONVERSION = YES;
				CLANG_WARN_NON_LITERAL_NULL_CONVERSION = YES;
				CLANG_WARN_OBJC_IMPLICIT_RETAIN_SELF = YES;
				CLANG_WARN_OBJC_LITERAL_CONVERSION = YES;
				CLANG_WARN_OBJC_ROOT_CLASS = YES_ERROR;
				CLANG_WARN_QUOTED_INCLUDE_IN_FRAMEWORK_HEADER = YES;
				CLANG_WARN_RANGE_LOOP_ANALYSIS = YES;
				CLANG_WARN_STRICT_PROTOTYPES = YES;
				CLANG_WARN_SUSPICIOUS_MOVE = YES;
				CLANG_WARN_UNGUARDED_AVAILABILITY = YES_AGGRESSIVE;
				CLANG_WARN_UNREACHABLE_CODE = YES;
				CLANG_WARN__DUPLICATE_METHOD_MATCH = YES;
				COPY_PHASE_STRIP = NO;
				DEBUG_INFORMATION_FORMAT = dwarf;
				ENABLE_STRICT_OBJC_MSGSEND = YES;
				ENABLE_TESTABILITY = YES;
				GCC_C_LANGUAGE_STANDARD = gnu11;
				GCC_DYNAMIC_NO_PIC = NO;
				GCC_NO_COMMON_BLOCKS = YES;
				GCC_OPTIMIZATION_LEVEL = 0;
				GCC_PREPROCESSOR_DEFINITIONS = (
					"DEBUG=1",
					"$(inherited)",
				);
				GCC_WARN_64_TO_32_BIT_CONVERSION = YES;
				GCC_WARN_ABOUT_RETURN_TYPE = YES_ERROR;
				GCC_WARN_UNDECLARED_SELECTOR = YES;
				GCC_WARN_UNINITIALIZED_AUTOS = YES_AGGRESSIVE;
				GCC_WARN_UNUSED_FUNCTION = YES;
				GCC_WARN_UNUSED_VARIABLE = YES;
				IPHONEOS_DEPLOYMENT_TARGET = 15.5;
				MTL_ENABLE_DEBUG_INFO = INCLUDE_SOURCE;
				MTL_FAST_MATH = YES;
				ONLY_ACTIVE_ARCH = YES;
				SDKROOT = iphoneos;
				SWIFT_ACTIVE_COMPILATION_CONDITIONS = DEBUG;
				SWIFT_OPTIMIZATION_LEVEL = "-Onone";
			};
			name = Debug;
		};
		FD48CB2A28D9224400D0CAA4 /* Release */ = {
			isa = XCBuildConfiguration;
			buildSettings = {
				ALWAYS_SEARCH_USER_PATHS = NO;
				CLANG_ANALYZER_NONNULL = YES;
				CLANG_ANALYZER_NUMBER_OBJECT_CONVERSION = YES_AGGRESSIVE;
				CLANG_CXX_LANGUAGE_STANDARD = "gnu++17";
				CLANG_ENABLE_MODULES = YES;
				CLANG_ENABLE_OBJC_ARC = YES;
				CLANG_ENABLE_OBJC_WEAK = YES;
				CLANG_WARN_BLOCK_CAPTURE_AUTORELEASING = YES;
				CLANG_WARN_BOOL_CONVERSION = YES;
				CLANG_WARN_COMMA = YES;
				CLANG_WARN_CONSTANT_CONVERSION = YES;
				CLANG_WARN_DEPRECATED_OBJC_IMPLEMENTATIONS = YES;
				CLANG_WARN_DIRECT_OBJC_ISA_USAGE = YES_ERROR;
				CLANG_WARN_DOCUMENTATION_COMMENTS = YES;
				CLANG_WARN_EMPTY_BODY = YES;
				CLANG_WARN_ENUM_CONVERSION = YES;
				CLANG_WARN_INFINITE_RECURSION = YES;
				CLANG_WARN_INT_CONVERSION = YES;
				CLANG_WARN_NON_LITERAL_NULL_CONVERSION = YES;
				CLANG_WARN_OBJC_IMPLICIT_RETAIN_SELF = YES;
				CLANG_WARN_OBJC_LITERAL_CONVERSION = YES;
				CLANG_WARN_OBJC_ROOT_CLASS = YES_ERROR;
				CLANG_WARN_QUOTED_INCLUDE_IN_FRAMEWORK_HEADER = YES;
				CLANG_WARN_RANGE_LOOP_ANALYSIS = YES;
				CLANG_WARN_STRICT_PROTOTYPES = YES;
				CLANG_WARN_SUSPICIOUS_MOVE = YES;
				CLANG_WARN_UNGUARDED_AVAILABILITY = YES_AGGRESSIVE;
				CLANG_WARN_UNREACHABLE_CODE = YES;
				CLANG_WARN__DUPLICATE_METHOD_MATCH = YES;
				COPY_PHASE_STRIP = NO;
				DEBUG_INFORMATION_FORMAT = "dwarf-with-dsym";
				ENABLE_NS_ASSERTIONS = NO;
				ENABLE_STRICT_OBJC_MSGSEND = YES;
				GCC_C_LANGUAGE_STANDARD = gnu11;
				GCC_NO_COMMON_BLOCKS = YES;
				GCC_WARN_64_TO_32_BIT_CONVERSION = YES;
				GCC_WARN_ABOUT_RETURN_TYPE = YES_ERROR;
				GCC_WARN_UNDECLARED_SELECTOR = YES;
				GCC_WARN_UNINITIALIZED_AUTOS = YES_AGGRESSIVE;
				GCC_WARN_UNUSED_FUNCTION = YES;
				GCC_WARN_UNUSED_VARIABLE = YES;
				IPHONEOS_DEPLOYMENT_TARGET = 15.5;
				MTL_ENABLE_DEBUG_INFO = NO;
				MTL_FAST_MATH = YES;
				SDKROOT = iphoneos;
				SWIFT_COMPILATION_MODE = wholemodule;
				SWIFT_OPTIMIZATION_LEVEL = "-O";
				VALIDATE_PRODUCT = YES;
			};
			name = Release;
		};
		FD48CB2C28D9224400D0CAA4 /* Debug */ = {
			isa = XCBuildConfiguration;
			baseConfigurationReference = 9FD59425A1FC4EEB5AC52444 /* Pods-ExtensionOrder.debug.xcconfig */;
			buildSettings = {
				ASSETCATALOG_COMPILER_APPICON_NAME = AppIcon;
				ASSETCATALOG_COMPILER_GLOBAL_ACCENT_COLOR_NAME = AccentColor;
				CLANG_ENABLE_MODULES = YES;
				CODE_SIGN_STYLE = Automatic;
				CURRENT_PROJECT_VERSION = 1;
				DEVELOPMENT_TEAM = DRTDRSHCUW;
				GENERATE_INFOPLIST_FILE = YES;
				INFOPLIST_FILE = ExtensionOrder/Info.plist;
				INFOPLIST_KEY_UIApplicationSupportsIndirectInputEvents = YES;
				INFOPLIST_KEY_UILaunchStoryboardName = LaunchScreen;
				INFOPLIST_KEY_UIMainStoryboardFile = Main;
				INFOPLIST_KEY_UISupportedInterfaceOrientations_iPad = "UIInterfaceOrientationPortrait UIInterfaceOrientationPortraitUpsideDown UIInterfaceOrientationLandscapeLeft UIInterfaceOrientationLandscapeRight";
				INFOPLIST_KEY_UISupportedInterfaceOrientations_iPhone = "UIInterfaceOrientationPortrait UIInterfaceOrientationLandscapeLeft UIInterfaceOrientationLandscapeRight";
				LD_RUNPATH_SEARCH_PATHS = (
					"$(inherited)",
					"@executable_path/Frameworks",
				);
				MARKETING_VERSION = 1.0;
				PRODUCT_BUNDLE_IDENTIFIER = com.casan.ExtensionOrder;
				PRODUCT_NAME = "$(TARGET_NAME)";
				SWIFT_EMIT_LOC_STRINGS = YES;
				SWIFT_OBJC_BRIDGING_HEADER = "ExtensionOrder/ExtensionOrder-Bridging-Header.h";
				SWIFT_OPTIMIZATION_LEVEL = "-Onone";
				SWIFT_VERSION = 5.0;
				TARGETED_DEVICE_FAMILY = "1,2";
			};
			name = Debug;
		};
		FD48CB2D28D9224400D0CAA4 /* Release */ = {
			isa = XCBuildConfiguration;
			baseConfigurationReference = 1AB6D7093CEDEC45CA780221 /* Pods-ExtensionOrder.release.xcconfig */;
			buildSettings = {
				ASSETCATALOG_COMPILER_APPICON_NAME = AppIcon;
				ASSETCATALOG_COMPILER_GLOBAL_ACCENT_COLOR_NAME = AccentColor;
				CLANG_ENABLE_MODULES = YES;
				CODE_SIGN_STYLE = Automatic;
				CURRENT_PROJECT_VERSION = 1;
				DEVELOPMENT_TEAM = DRTDRSHCUW;
				GENERATE_INFOPLIST_FILE = YES;
				INFOPLIST_FILE = ExtensionOrder/Info.plist;
				INFOPLIST_KEY_UIApplicationSupportsIndirectInputEvents = YES;
				INFOPLIST_KEY_UILaunchStoryboardName = LaunchScreen;
				INFOPLIST_KEY_UIMainStoryboardFile = Main;
				INFOPLIST_KEY_UISupportedInterfaceOrientations_iPad = "UIInterfaceOrientationPortrait UIInterfaceOrientationPortraitUpsideDown UIInterfaceOrientationLandscapeLeft UIInterfaceOrientationLandscapeRight";
				INFOPLIST_KEY_UISupportedInterfaceOrientations_iPhone = "UIInterfaceOrientationPortrait UIInterfaceOrientationLandscapeLeft UIInterfaceOrientationLandscapeRight";
				LD_RUNPATH_SEARCH_PATHS = (
					"$(inherited)",
					"@executable_path/Frameworks",
				);
				MARKETING_VERSION = 1.0;
				PRODUCT_BUNDLE_IDENTIFIER = com.casan.ExtensionOrder;
				PRODUCT_NAME = "$(TARGET_NAME)";
				SWIFT_EMIT_LOC_STRINGS = YES;
				SWIFT_OBJC_BRIDGING_HEADER = "ExtensionOrder/ExtensionOrder-Bridging-Header.h";
				SWIFT_VERSION = 5.0;
				TARGETED_DEVICE_FAMILY = "1,2";
			};
			name = Release;
		};
/* End XCBuildConfiguration section */

/* Begin XCConfigurationList section */
		FD48CB1228D9224200D0CAA4 /* Build configuration list for PBXProject "ExtensionOrder" */ = {
			isa = XCConfigurationList;
			buildConfigurations = (
				FD48CB2928D9224400D0CAA4 /* Debug */,
				FD48CB2A28D9224400D0CAA4 /* Release */,
			);
			defaultConfigurationIsVisible = 0;
			defaultConfigurationName = Release;
		};
		FD48CB2B28D9224400D0CAA4 /* Build configuration list for PBXNativeTarget "ExtensionOrder" */ = {
			isa = XCConfigurationList;
			buildConfigurations = (
				FD48CB2C28D9224400D0CAA4 /* Debug */,
				FD48CB2D28D9224400D0CAA4 /* Release */,
			);
			defaultConfigurationIsVisible = 0;
			defaultConfigurationName = Release;
		};
/* End XCConfigurationList section */
	};
	rootObject = FD48CB0F28D9224200D0CAA4 /* Project object */;
}
